<Solution>
  <Folder Name="/Solution Items/">
    <File Path="../.gitignore" />
    <File Path="../debug.bat" />
    <File Path="../LICENSE.md" />
    <File Path="../README.md" />
    <File Path="../release.bat" />
    <File Path=".editorconfig" />
    <File Path="Limbo.Umbraco.DreamBroker.sln.DotSettings" />
  </Folder>
  <Project Path="Limbo.Umbraco.DreamBroker/Limbo.Umbraco.DreamBroker.csproj" />
</Solution>
